
Microsoft Visual Studio Solution File, Format Version 12.00
# Visual Studio Version 17
VisualStudioVersion = 17.5.002.0
MinimumVisualStudioVersion = 10.0.40219.1
Project("{9A19103F-16F7-4668-BE54-9A1E7A4F7556}") = "SimpleCrudApp", "SimpleCrudApp.csproj", "{4961237D-68FB-4DBE-AB40-89FB23A01486}"
EndProject
Global
	GlobalSection(SolutionConfigurationPlatforms) = preSolution
		Debug|Any CPU = Debug|Any CPU
		Release|Any CPU = Release|Any CPU
	EndGlobalSection
	GlobalSection(ProjectConfigurationPlatforms) = postSolution
		{4961237D-68FB-4DBE-AB40-89FB23A01486}.Debug|Any CPU.ActiveCfg = Debug|Any CPU
		{4961237D-68FB-4DBE-AB40-89FB23A01486}.Debug|Any CPU.Build.0 = Debug|Any CPU
		{4961237D-68FB-4DBE-AB40-89FB23A01486}.Release|Any CPU.ActiveCfg = Release|Any CPU
		{4961237D-68FB-4DBE-AB40-89FB23A01486}.Release|Any CPU.Build.0 = Release|Any CPU
	EndGlobalSection
	GlobalSection(SolutionProperties) = preSolution
		HideSolutionNode = FALSE
	EndGlobalSection
	GlobalSection(ExtensibilityGlobals) = postSolution
		SolutionGuid = {04E97564-6136-4A44-B70A-6017BEDA1DCF}
	EndGlobalSection
EndGlobal
